# This file was autogenerated by Stack.
# You should not edit this file by hand.
# For more information, please see the documentation at:
#   https://docs.haskellstack.org/en/stable/lock_files

packages: []
snapshots:
- completed:
    sha256: 2b46641f0c74f07f1ce7fa6b6c6b78d03b97e2b1252191969121720e9cdf7696
    size: 651666
    url: https://raw.githubusercontent.com/commercialhaskell/stackage-snapshots/master/nightly/2024/7/4.yaml
  original: nightly-2024-07-04
