# This file was autogenerated by Stack.
# You should not edit this file by hand.
# For more information, please see the documentation at:
#   https://docs.haskellstack.org/en/stable/lock_files

packages: []
snapshots:
- completed:
    sha256: c877408ff8033cbda101e4d8ac724de28e3d0616815c318be1d03c36dc9577e1
    size: 653825
    url: https://raw.githubusercontent.com/commercialhaskell/stackage-snapshots/master/nightly/2024/7/9.yaml
  original: nightly-2024-07-09
